
Microsoft Visual Studio Solution File, Format Version 12.00
# Visual Studio Version 17
VisualStudioVersion = 17.14.36221.1 d17.14
MinimumVisualStudioVersion = 10.0.40219.1
Project("{FAE04EC0-301F-11D3-BF4B-00C04F79EFBC}") = "Assignment8", "Assignment8\Assignment8.csproj", "{D697EF8C-F175-447D-97DA-5269791AB3F2}"
EndProject
Global
	GlobalSection(SolutionConfigurationPlatforms) = preSolution
		Debug|Any CPU = Debug|Any CPU
		Release|Any CPU = Release|Any CPU
	EndGlobalSection
	GlobalSection(ProjectConfigurationPlatforms) = postSolution
		{D697EF8C-F175-447D-97DA-5269791AB3F2}.Debug|Any CPU.ActiveCfg = Debug|Any CPU
		{D697EF8C-F175-447D-97DA-5269791AB3F2}.Debug|Any CPU.Build.0 = Debug|Any CPU
		{D697EF8C-F175-447D-97DA-5269791AB3F2}.Release|Any CPU.ActiveCfg = Release|Any CPU
		{D697EF8C-F175-447D-97DA-5269791AB3F2}.Release|Any CPU.Build.0 = Release|Any CPU
	EndGlobalSection
	GlobalSection(SolutionProperties) = preSolution
		HideSolutionNode = FALSE
	EndGlobalSection
	GlobalSection(ExtensibilityGlobals) = postSolution
		SolutionGuid = {5B4B9EA0-BF6B-43F7-81E1-D28EE2A9BF57}
	EndGlobalSection
EndGlobal
